
Microsoft Visual Studio Solution File, Format Version 12.00
# Visual Studio 14
VisualStudioVersion = 14.0.25123.0
MinimumVisualStudioVersion = 10.0.40219.1
Project("{FAE04EC0-301F-11D3-BF4B-00C04F79EFBC}") = "Trafilm.Gallery", "Trafilm.Gallery.csproj", "{5A748034-E893-4F20-AF54-0E9C9DAAAEDA}"
EndProject
Project("{2150E333-8FDC-42A3-9474-1A3956D46DE8}") = "Solution Items", "Solution Items", "{195BE2C9-494E-4086-B398-A7F22A7927C4}"
	ProjectSection(SolutionItems) = preProject
		LICENSE.txt = LICENSE.txt
		README.md = README.md
	EndProjectSection
EndProject
Project("{2150E333-8FDC-42A3-9474-1A3956D46DE8}") = "Diagrams", "Diagrams", "{6EF3814F-5C63-4860-BEED-D83C266B9192}"
	ProjectSection(SolutionItems) = preProject
		Pages.cd = Pages.cd
		utils\Utils.cd = utils\Utils.cd
	EndProjectSection
EndProject
Global
	GlobalSection(SolutionConfigurationPlatforms) = preSolution
		Debug|Any CPU = Debug|Any CPU
		Release|Any CPU = Release|Any CPU
	EndGlobalSection
	GlobalSection(ProjectConfigurationPlatforms) = postSolution
		{5A748034-E893-4F20-AF54-0E9C9DAAAEDA}.Debug|Any CPU.ActiveCfg = Debug|Any CPU
		{5A748034-E893-4F20-AF54-0E9C9DAAAEDA}.Debug|Any CPU.Build.0 = Debug|Any CPU
		{5A748034-E893-4F20-AF54-0E9C9DAAAEDA}.Release|Any CPU.ActiveCfg = Release|Any CPU
		{5A748034-E893-4F20-AF54-0E9C9DAAAEDA}.Release|Any CPU.Build.0 = Release|Any CPU
	EndGlobalSection
	GlobalSection(SolutionProperties) = preSolution
		HideSolutionNode = FALSE
	EndGlobalSection
EndGlobal
